
Microsoft Visual Studio Solution File, Format Version 12.00
# Visual Studio Version 16
VisualStudioVersion = 16.0.31105.61
MinimumVisualStudioVersion = 10.0.40219.1
Project("{FAE04EC0-301F-11D3-BF4B-00C04F79EFBC}") = "DiceRoller", "DiceRoller\DiceRoller.csproj", "{2670D511-49DE-4D85-B5FC-914756F4E909}"
EndProject
Global
	GlobalSection(SolutionConfigurationPlatforms) = preSolution
		Debug|Any CPU = Debug|Any CPU
		Release|Any CPU = Release|Any CPU
	EndGlobalSection
	GlobalSection(ProjectConfigurationPlatforms) = postSolution
		{2670D511-49DE-4D85-B5FC-914756F4E909}.Debug|Any CPU.ActiveCfg = Debug|Any CPU
		{2670D511-49DE-4D85-B5FC-914756F4E909}.Debug|Any CPU.Build.0 = Debug|Any CPU
		{2670D511-49DE-4D85-B5FC-914756F4E909}.Release|Any CPU.ActiveCfg = Release|Any CPU
		{2670D511-49DE-4D85-B5FC-914756F4E909}.Release|Any CPU.Build.0 = Release|Any CPU
	EndGlobalSection
	GlobalSection(SolutionProperties) = preSolution
		HideSolutionNode = FALSE
	EndGlobalSection
	GlobalSection(ExtensibilityGlobals) = postSolution
		SolutionGuid = {DBF2D530-8D90-4BAE-A7BB-0D32483EFDE3}
	EndGlobalSection
EndGlobal
